// !$*UTF8*$!
{
	archiveVersion = 1;
	classes = {
	};
	objectVersion = 56;
	objects = {

/* Begin PBXBuildFile section */
		CE84E46B2ED3B0770075F6C0 /* KontaktView.swift in Sources */ = {isa = PBXBuildFile; fileRef = CE84E46A2ED3B0770075F6C0 /* KontaktView.swift */; };
		CE84E46D2ED3B34C0075F6C0 /* ReklamaView.swift in Sources */ = {isa = PBXBuildFile; fileRef = CE84E46C2ED3B34C0075F6C0 /* ReklamaView.swift */; };
		CE84E46F2ED3B3700075F6C0 /* ONasView.swift in Sources */ = {isa = PBXBuildFile; fileRef = CE84E46E2ED3B3700075F6C0 /* ONasView.swift */; };
		CE84E4712ED3B3900075F6C0 /* WiadomosciView.swift in Sources */ = {isa = PBXBuildFile; fileRef = CE84E4702ED3B3900075F6C0 /* WiadomosciView.swift */; };
		CEB82B482ED3689800B7E893 /* NaszeRadioUKApp.swift in Sources */ = {isa = PBXBuildFile; fileRef = CEB82B472ED3689800B7E893 /* NaszeRadioUKApp.swift */; };
		CEB82B4A2ED3689800B7E893 /* ContentView.swift in Sources */ = {isa = PBXBuildFile; fileRef = CEB82B492ED3689800B7E893 /* ContentView.swift */; };
		CEB82B4C2ED3689B00B7E893 /* Assets.xcassets in Resources */ = {isa = PBXBuildFile; fileRef = CEB82B4B2ED3689B00B7E893 /* Assets.xcassets */; };
		CEB82B4F2ED3689B00B7E893 /* Preview Assets.xcassets in Resources */ = {isa = PBXBuildFile; fileRef = CEB82B4E2ED3689B00B7E893 /* Preview Assets.xcassets */; };
		CEB82B592ED3689B00B7E893 /* NaszeRadioUKTests.swift in Sources */ = {isa = PBXBuildFile; fileRef = CEB82B582ED3689B00B7E893 /* NaszeRadioUKTests.swift */; };
		CEB82B632ED3689B00B7E893 /* NaszeRadioUKUITests.swift in Sources */ = {isa = PBXBuildFile; fileRef = CEB82B622ED3689B00B7E893 /* NaszeRadioUKUITests.swift */; };
		CEB82B652ED3689B00B7E893 /* NaszeRadioUKUITestsLaunchTests.swift in Sources */ = {isa = PBXBuildFile; fileRef = CEB82B642ED3689B00B7E893 /* NaszeRadioUKUITestsLaunchTests.swift */; };
		CEB82B722ED3713B00B7E893 /* RadioPlayer.swift in Sources */ = {isa = PBXBuildFile; fileRef = CEB82B712ED3713B00B7E893 /* RadioPlayer.swift */; };
/* End PBXBuildFile section */

/* Begin PBXContainerItemProxy section */
		CEB82B552ED3689B00B7E893 /* PBXContainerItemProxy */ = {
			isa = PBXContainerItemProxy;
			containerPortal = CEB82B3C2ED3689800B7E893 /* Project object */;
			proxyType = 1;
			remoteGlobalIDString = CEB82B432ED3689800B7E893;
			remoteInfo = NaszeRadioUK;
		};
		CEB82B5F2ED3689B00B7E893 /* PBXContainerItemProxy */ = {
			isa = PBXContainerItemProxy;
			containerPortal = CEB82B3C2ED3689800B7E893 /* Project object */;
			proxyType = 1;
			remoteGlobalIDString = CEB82B432ED3689800B7E893;
			remoteInfo = NaszeRadioUK;
		};
/* End PBXContainerItemProxy section */

/* Begin PBXFileReference section */
		CE84E46A2ED3B0770075F6C0 /* KontaktView.swift */ = {isa = PBXFileReference; lastKnownFileType = sourcecode.swift; path = KontaktView.swift; sourceTree = "<group>"; };
		CE84E46C2ED3B34C0075F6C0 /* ReklamaView.swift */ = {isa = PBXFileReference; lastKnownFileType = sourcecode.swift; path = ReklamaView.swift; sourceTree = "<group>"; };
		CE84E46E2ED3B3700075F6C0 /* ONasView.swift */ = {isa = PBXFileReference; lastKnownFileType = sourcecode.swift; path = ONasView.swift; sourceTree = "<group>"; };
		CE84E4702ED3B3900075F6C0 /* WiadomosciView.swift */ = {isa = PBXFileReference; lastKnownFileType = sourcecode.swift; path = WiadomosciView.swift; sourceTree = "<group>"; };
		CEB82B442ED3689800B7E893 /* NaszeRadioUK.app */ = {isa = PBXFileReference; explicitFileType = wrapper.application; includeInIndex = 0; path = NaszeRadioUK.app; sourceTree = BUILT_PRODUCTS_DIR; };
		CEB82B472ED3689800B7E893 /* NaszeRadioUKApp.swift */ = {isa = PBXFileReference; lastKnownFileType = sourcecode.swift; path = NaszeRadioUKApp.swift; sourceTree = "<group>"; };
		CEB82B492ED3689800B7E893 /* ContentView.swift */ = {isa = PBXFileReference; lastKnownFileType = sourcecode.swift; path = ContentView.swift; sourceTree = "<group>"; };
		CEB82B4B2ED3689B00B7E893 /* Assets.xcassets */ = {isa = PBXFileReference; lastKnownFileType = folder.assetcatalog; path = Assets.xcassets; sourceTree = "<group>"; };
		CEB82B4E2ED3689B00B7E893 /* Preview Assets.xcassets */ = {isa = PBXFileReference; lastKnownFileType = folder.assetcatalog; path = "Preview Assets.xcassets"; sourceTree = "<group>"; };
		CEB82B542ED3689B00B7E893 /* NaszeRadioUKTests.xctest */ = {isa = PBXFileReference; explicitFileType = wrapper.cfbundle; includeInIndex = 0; path = NaszeRadioUKTests.xctest; sourceTree = BUILT_PRODUCTS_DIR; };
		CEB82B582ED3689B00B7E893 /* NaszeRadioUKTests.swift */ = {isa = PBXFileReference; lastKnownFileType = sourcecode.swift; path = NaszeRadioUKTests.swift; sourceTree = "<group>"; };
		CEB82B5E2ED3689B00B7E893 /* NaszeRadioUKUITests.xctest */ = {isa = PBXFileReference; explicitFileType = wrapper.cfbundle; includeInIndex = 0; path = NaszeRadioUKUITests.xctest; sourceTree = BUILT_PRODUCTS_DIR; };
		CEB82B622ED3689B00B7E893 /* NaszeRadioUKUITests.swift */ = {isa = PBXFileReference; lastKnownFileType = sourcecode.swift; path = NaszeRadioUKUITests.swift; sourceTree = "<group>"; };
		CEB82B642ED3689B00B7E893 /* NaszeRadioUKUITestsLaunchTests.swift */ = {isa = PBXFileReference; lastKnownFileType = sourcecode.swift; path = NaszeRadioUKUITestsLaunchTests.swift; sourceTree = "<group>"; };
		CEB82B712ED3713B00B7E893 /* RadioPlayer.swift */ = {isa = PBXFileReference; lastKnownFileType = sourcecode.swift; path = RadioPlayer.swift; sourceTree = "<group>"; };
		CEB82B732ED3861E00B7E893 /* Info.plist */ = {isa = PBXFileReference; lastKnownFileType = text.plist; path = Info.plist; sourceTree = "<group>"; };
/* End PBXFileReference section */

/* Begin PBXFrameworksBuildPhase section */
		CEB82B412ED3689800B7E893 /* Frameworks */ = {
			isa = PBXFrameworksBuildPhase;
			buildActionMask = 2147483647;
			files = (
			);
			runOnlyForDeploymentPostprocessing = 0;
		};
		CEB82B512ED3689B00B7E893 /* Frameworks */ = {
			isa = PBXFrameworksBuildPhase;
			buildActionMask = 2147483647;
			files = (
			);
			runOnlyForDeploymentPostprocessing = 0;
		};
		CEB82B5B2ED3689B00B7E893 /* Frameworks */ = {
			isa = PBXFrameworksBuildPhase;
			buildActionMask = 2147483647;
			files = (
			);
			runOnlyForDeploymentPostprocessing = 0;
		};
/* End PBXFrameworksBuildPhase section */

/* Begin PBXGroup section */
		CEB82B3B2ED3689700B7E893 = {
			isa = PBXGroup;
			children = (
				CEB82B462ED3689800B7E893 /* NaszeRadioUK */,
				CEB82B572ED3689B00B7E893 /* NaszeRadioUKTests */,
				CEB82B612ED3689B00B7E893 /* NaszeRadioUKUITests */,
				CEB82B452ED3689800B7E893 /* Products */,
			);
			sourceTree = "<group>";
		};
		CEB82B452ED3689800B7E893 /* Products */ = {
			isa = PBXGroup;
			children = (
				CEB82B442ED3689800B7E893 /* NaszeRadioUK.app */,
				CEB82B542ED3689B00B7E893 /* NaszeRadioUKTests.xctest */,
				CEB82B5E2ED3689B00B7E893 /* NaszeRadioUKUITests.xctest */,
			);
			name = Products;
			sourceTree = "<group>";
		};
		CEB82B462ED3689800B7E893 /* NaszeRadioUK */ = {
			isa = PBXGroup;
			children = (
				CEB82B732ED3861E00B7E893 /* Info.plist */,
				CEB82B472ED3689800B7E893 /* NaszeRadioUKApp.swift */,
				CEB82B492ED3689800B7E893 /* ContentView.swift */,
				CEB82B4B2ED3689B00B7E893 /* Assets.xcassets */,
				CEB82B4D2ED3689B00B7E893 /* Preview Content */,
				CEB82B712ED3713B00B7E893 /* RadioPlayer.swift */,
				CE84E46A2ED3B0770075F6C0 /* KontaktView.swift */,
				CE84E46C2ED3B34C0075F6C0 /* ReklamaView.swift */,
				CE84E46E2ED3B3700075F6C0 /* ONasView.swift */,
				CE84E4702ED3B3900075F6C0 /* WiadomosciView.swift */,
			);
			path = NaszeRadioUK;
			sourceTree = "<group>";
		};
		CEB82B4D2ED3689B00B7E893 /* Preview Content */ = {
			isa = PBXGroup;
			children = (
				CEB82B4E2ED3689B00B7E893 /* Preview Assets.xcassets */,
			);
			path = "Preview Content";
			sourceTree = "<group>";
		};
		CEB82B572ED3689B00B7E893 /* NaszeRadioUKTests */ = {
			isa = PBXGroup;
			children = (
				CEB82B582ED3689B00B7E893 /* NaszeRadioUKTests.swift */,
			);
			path = NaszeRadioUKTests;
			sourceTree = "<group>";
		};
		CEB82B612ED3689B00B7E893 /* NaszeRadioUKUITests */ = {
			isa = PBXGroup;
			children = (
				CEB82B622ED3689B00B7E893 /* NaszeRadioUKUITests.swift */,
				CEB82B642ED3689B00B7E893 /* NaszeRadioUKUITestsLaunchTests.swift */,
			);
			path = NaszeRadioUKUITests;
			sourceTree = "<group>";
		};
/* End PBXGroup section */

/* Begin PBXNativeTarget section */
		CEB82B432ED3689800B7E893 /* NaszeRadioUK */ = {
			isa = PBXNativeTarget;
			buildConfigurationList = CEB82B682ED3689B00B7E893 /* Build configuration list for PBXNativeTarget "NaszeRadioUK" */;
			buildPhases = (
				CEB82B402ED3689800B7E893 /* Sources */,
				CEB82B412ED3689800B7E893 /* Frameworks */,
				CEB82B422ED3689800B7E893 /* Resources */,
			);
			buildRules = (
			);
			dependencies = (
			);
			name = NaszeRadioUK;
			productName = NaszeRadioUK;
			productReference = CEB82B442ED3689800B7E893 /* NaszeRadioUK.app */;
			productType = "com.apple.product-type.application";
		};
		CEB82B532ED3689B00B7E893 /* NaszeRadioUKTests */ = {
			isa = PBXNativeTarget;
			buildConfigurationList = CEB82B6B2ED3689B00B7E893 /* Build configuration list for PBXNativeTarget "NaszeRadioUKTests" */;
			buildPhases = (
				CEB82B502ED3689B00B7E893 /* Sources */,
				CEB82B512ED3689B00B7E893 /* Frameworks */,
				CEB82B522ED3689B00B7E893 /* Resources */,
			);
			buildRules = (
			);
			dependencies = (
				CEB82B562ED3689B00B7E893 /* PBXTargetDependency */,
			);
			name = NaszeRadioUKTests;
			productName = NaszeRadioUKTests;
			productReference = CEB82B542ED3689B00B7E893 /* NaszeRadioUKTests.xctest */;
			productType = "com.apple.product-type.bundle.unit-test";
		};
		CEB82B5D2ED3689B00B7E893 /* NaszeRadioUKUITests */ = {
			isa = PBXNativeTarget;
			buildConfigurationList = CEB82B6E2ED3689B00B7E893 /* Build configuration list for PBXNativeTarget "NaszeRadioUKUITests" */;
			buildPhases = (
				CEB82B5A2ED3689B00B7E893 /* Sources */,
				CEB82B5B2ED3689B00B7E893 /* Frameworks */,
				CEB82B5C2ED3689B00B7E893 /* Resources */,
			);
			buildRules = (
			);
			dependencies = (
				CEB82B602ED3689B00B7E893 /* PBXTargetDependency */,
			);
			name = NaszeRadioUKUITests;
			productName = NaszeRadioUKUITests;
			productReference = CEB82B5E2ED3689B00B7E893 /* NaszeRadioUKUITests.xctest */;
			productType = "com.apple.product-type.bundle.ui-testing";
		};
/* End PBXNativeTarget section */

/* Begin PBXProject section */
		CEB82B3C2ED3689800B7E893 /* Project object */ = {
			isa = PBXProject;
			attributes = {
				BuildIndependentTargetsInParallel = 1;
				LastSwiftUpdateCheck = 1500;
				LastUpgradeCheck = 1500;
				TargetAttributes = {
					CEB82B432ED3689800B7E893 = {
						CreatedOnToolsVersion = 15.0;
					};
					CEB82B532ED3689B00B7E893 = {
						CreatedOnToolsVersion = 15.0;
						TestTargetID = CEB82B432ED3689800B7E893;
					};
					CEB82B5D2ED3689B00B7E893 = {
						CreatedOnToolsVersion = 15.0;
						TestTargetID = CEB82B432ED3689800B7E893;
					};
				};
			};
			buildConfigurationList = CEB82B3F2ED3689800B7E893 /* Build configuration list for PBXProject "NaszeRadioUK" */;
			compatibilityVersion = "Xcode 14.0";
			developmentRegion = en;
			hasScannedForEncodings = 0;
			knownRegions = (
				en,
				Base,
			);
			mainGroup = CEB82B3B2ED3689700B7E893;
			productRefGroup = CEB82B452ED3689800B7E893 /* Products */;
			projectDirPath = "";
			projectRoot = "";
			targets = (
				CEB82B432ED3689800B7E893 /* NaszeRadioUK */,
				CEB82B532ED3689B00B7E893 /* NaszeRadioUKTests */,
				CEB82B5D2ED3689B00B7E893 /* NaszeRadioUKUITests */,
			);
		};
/* End PBXProject section */

/* Begin PBXResourcesBuildPhase section */
		CEB82B422ED3689800B7E893 /* Resources */ = {
			isa = PBXResourcesBuildPhase;
			buildActionMask = 2147483647;
			files = (
				CEB82B4F2ED3689B00B7E893 /* Preview Assets.xcassets in Resources */,
				CEB82B4C2ED3689B00B7E893 /* Assets.xcassets in Resources */,
			);
			runOnlyForDeploymentPostprocessing = 0;
		};
		CEB82B522ED3689B00B7E893 /* Resources */ = {
			isa = PBXResourcesBuildPhase;
			buildActionMask = 2147483647;
			files = (
			);
			runOnlyForDeploymentPostprocessing = 0;
		};
		CEB82B5C2ED3689B00B7E893 /* Resources */ = {
			isa = PBXResourcesBuildPhase;
			buildActionMask = 2147483647;
			files = (
			);
			runOnlyForDeploymentPostprocessing = 0;
		};
/* End PBXResourcesBuildPhase section */

/* Begin PBXSourcesBuildPhase section */
		CEB82B402ED3689800B7E893 /* Sources */ = {
			isa = PBXSourcesBuildPhase;
			buildActionMask = 2147483647;
			files = (
				CEB82B722ED3713B00B7E893 /* RadioPlayer.swift in Sources */,
				CE84E46D2ED3B34C0075F6C0 /* ReklamaView.swift in Sources */,
				CEB82B4A2ED3689800B7E893 /* ContentView.swift in Sources */,
				CEB82B482ED3689800B7E893 /* NaszeRadioUKApp.swift in Sources */,
				CE84E4712ED3B3900075F6C0 /* WiadomosciView.swift in Sources */,
				CE84E46B2ED3B0770075F6C0 /* KontaktView.swift in Sources */,
				CE84E46F2ED3B3700075F6C0 /* ONasView.swift in Sources */,
			);
			runOnlyForDeploymentPostprocessing = 0;
		};
		CEB82B502ED3689B00B7E893 /* Sources */ = {
			isa = PBXSourcesBuildPhase;
			buildActionMask = 2147483647;
			files = (
				CEB82B592ED3689B00B7E893 /* NaszeRadioUKTests.swift in Sources */,
			);
			runOnlyForDeploymentPostprocessing = 0;
		};
		CEB82B5A2ED3689B00B7E893 /* Sources */ = {
			isa = PBXSourcesBuildPhase;
			buildActionMask = 2147483647;
			files = (
				CEB82B652ED3689B00B7E893 /* NaszeRadioUKUITestsLaunchTests.swift in Sources */,
				CEB82B632ED3689B00B7E893 /* NaszeRadioUKUITests.swift in Sources */,
			);
			runOnlyForDeploymentPostprocessing = 0;
		};
/* End PBXSourcesBuildPhase section */

/* Begin PBXTargetDependency section */
		CEB82B562ED3689B00B7E893 /* PBXTargetDependency */ = {
			isa = PBXTargetDependency;
			target = CEB82B432ED3689800B7E893 /* NaszeRadioUK */;
			targetProxy = CEB82B552ED3689B00B7E893 /* PBXContainerItemProxy */;
		};
		CEB82B602ED3689B00B7E893 /* PBXTargetDependency */ = {
			isa = PBXTargetDependency;
			target = CEB82B432ED3689800B7E893 /* NaszeRadioUK */;
			targetProxy = CEB82B5F2ED3689B00B7E893 /* PBXContainerItemProxy */;
		};
/* End PBXTargetDependency section */

/* Begin XCBuildConfiguration section */
		CEB82B662ED3689B00B7E893 /* Debug */ = {
			isa = XCBuildConfiguration;
			buildSettings = {
				ALWAYS_SEARCH_USER_PATHS = NO;
				ASSETCATALOG_COMPILER_GENERATE_SWIFT_ASSET_SYMBOL_EXTENSIONS = YES;
				CLANG_ANALYZER_NONNULL = YES;
				CLANG_ANALYZER_NUMBER_OBJECT_CONVERSION = YES_AGGRESSIVE;
				CLANG_CXX_LANGUAGE_STANDARD = "gnu++20";
				CLANG_ENABLE_MODULES = YES;
				CLANG_ENABLE_OBJC_ARC = YES;
				CLANG_ENABLE_OBJC_WEAK = YES;
				CLANG_WARN_BLOCK_CAPTURE_AUTORELEASING = YES;
				CLANG_WARN_BOOL_CONVERSION = YES;
				CLANG_WARN_COMMA = YES;
				CLANG_WARN_CONSTANT_CONVERSION = YES;
				CLANG_WARN_DEPRECATED_OBJC_IMPLEMENTATIONS = YES;
				CLANG_WARN_DIRECT_OBJC_ISA_USAGE = YES_ERROR;
				CLANG_WARN_DOCUMENTATION_COMMENTS = YES;
				CLANG_WARN_EMPTY_BODY = YES;
				CLANG_WARN_ENUM_CONVERSION = YES;
				CLANG_WARN_INFINITE_RECURSION = YES;
				CLANG_WARN_INT_CONVERSION = YES;
				CLANG_WARN_NON_LITERAL_NULL_CONVERSION = YES;
				CLANG_WARN_OBJC_IMPLICIT_RETAIN_SELF = YES;
				CLANG_WARN_OBJC_LITERAL_CONVERSION = YES;
				CLANG_WARN_OBJC_ROOT_CLASS = YES_ERROR;
				CLANG_WARN_QUOTED_INCLUDE_IN_FRAMEWORK_HEADER = YES;
				CLANG_WARN_RANGE_LOOP_ANALYSIS = YES;
				CLANG_WARN_STRICT_PROTOTYPES = YES;
				CLANG_WARN_SUSPICIOUS_MOVE = YES;
				CLANG_WARN_UNGUARDED_AVAILABILITY = YES_AGGRESSIVE;
				CLANG_WARN_UNREACHABLE_CODE = YES;
				CLANG_WARN__DUPLICATE_METHOD_MATCH = YES;
				COPY_PHASE_STRIP = NO;
				DEBUG_INFORMATION_FORMAT = dwarf;
				ENABLE_STRICT_OBJC_MSGSEND = YES;
				ENABLE_TESTABILITY = YES;
				ENABLE_USER_SCRIPT_SANDBOXING = YES;
				GCC_C_LANGUAGE_STANDARD = gnu17;
				GCC_DYNAMIC_NO_PIC = NO;
				GCC_NO_COMMON_BLOCKS = YES;
				GCC_OPTIMIZATION_LEVEL = 0;
				GCC_PREPROCESSOR_DEFINITIONS = (
					"DEBUG=1",
					"$(inherited)",
				);
				GCC_WARN_64_TO_32_BIT_CONVERSION = YES;
				GCC_WARN_ABOUT_RETURN_TYPE = YES_ERROR;
				GCC_WARN_UNDECLARED_SELECTOR = YES;
				GCC_WARN_UNINITIALIZED_AUTOS = YES_AGGRESSIVE;
				GCC_WARN_UNUSED_FUNCTION = YES;
				GCC_WARN_UNUSED_VARIABLE = YES;
				IPHONEOS_DEPLOYMENT_TARGET = 17.0;
				LOCALIZATION_PREFERS_STRING_CATALOGS = YES;
				MTL_ENABLE_DEBUG_INFO = INCLUDE_SOURCE;
				MTL_FAST_MATH = YES;
				ONLY_ACTIVE_ARCH = YES;
				SDKROOT = iphoneos;
				SWIFT_ACTIVE_COMPILATION_CONDITIONS = "DEBUG $(inherited)";
				SWIFT_OPTIMIZATION_LEVEL = "-Onone";
			};
			name = Debug;
		};
		CEB82B672ED3689B00B7E893 /* Release */ = {
			isa = XCBuildConfiguration;
			buildSettings = {
				ALWAYS_SEARCH_USER_PATHS = NO;
				ASSETCATALOG_COMPILER_GENERATE_SWIFT_ASSET_SYMBOL_EXTENSIONS = YES;
				CLANG_ANALYZER_NONNULL = YES;
				CLANG_ANALYZER_NUMBER_OBJECT_CONVERSION = YES_AGGRESSIVE;
				CLANG_CXX_LANGUAGE_STANDARD = "gnu++20";
				CLANG_ENABLE_MODULES = YES;
				CLANG_ENABLE_OBJC_ARC = YES;
				CLANG_ENABLE_OBJC_WEAK = YES;
				CLANG_WARN_BLOCK_CAPTURE_AUTORELEASING = YES;
				CLANG_WARN_BOOL_CONVERSION = YES;
				CLANG_WARN_COMMA = YES;
				CLANG_WARN_CONSTANT_CONVERSION = YES;
				CLANG_WARN_DEPRECATED_OBJC_IMPLEMENTATIONS = YES;
				CLANG_WARN_DIRECT_OBJC_ISA_USAGE = YES_ERROR;
				CLANG_WARN_DOCUMENTATION_COMMENTS = YES;
				CLANG_WARN_EMPTY_BODY = YES;
				CLANG_WARN_ENUM_CONVERSION = YES;
				CLANG_WARN_INFINITE_RECURSION = YES;
				CLANG_WARN_INT_CONVERSION = YES;
				CLANG_WARN_NON_LITERAL_NULL_CONVERSION = YES;
				CLANG_WARN_OBJC_IMPLICIT_RETAIN_SELF = YES;
				CLANG_WARN_OBJC_LITERAL_CONVERSION = YES;
				CLANG_WARN_OBJC_ROOT_CLASS = YES_ERROR;
				CLANG_WARN_QUOTED_INCLUDE_IN_FRAMEWORK_HEADER = YES;
				CLANG_WARN_RANGE_LOOP_ANALYSIS = YES;
				CLANG_WARN_STRICT_PROTOTYPES = YES;
				CLANG_WARN_SUSPICIOUS_MOVE = YES;
				CLANG_WARN_UNGUARDED_AVAILABILITY = YES_AGGRESSIVE;
				CLANG_WARN_UNREACHABLE_CODE = YES;
				CLANG_WARN__DUPLICATE_METHOD_MATCH = YES;
				COPY_PHASE_STRIP = NO;
				DEBUG_INFORMATION_FORMAT = "dwarf-with-dsym";
				ENABLE_NS_ASSERTIONS = NO;
				ENABLE_STRICT_OBJC_MSGSEND = YES;
				ENABLE_USER_SCRIPT_SANDBOXING = YES;
				GCC_C_LANGUAGE_STANDARD = gnu17;
				GCC_NO_COMMON_BLOCKS = YES;
				GCC_WARN_64_TO_32_BIT_CONVERSION = YES;
				GCC_WARN_ABOUT_RETURN_TYPE = YES_ERROR;
				GCC_WARN_UNDECLARED_SELECTOR = YES;
				GCC_WARN_UNINITIALIZED_AUTOS = YES_AGGRESSIVE;
				GCC_WARN_UNUSED_FUNCTION = YES;
				GCC_WARN_UNUSED_VARIABLE = YES;
				IPHONEOS_DEPLOYMENT_TARGET = 17.0;
				LOCALIZATION_PREFERS_STRING_CATALOGS = YES;
				MTL_ENABLE_DEBUG_INFO = NO;
				MTL_FAST_MATH = YES;
				SDKROOT = iphoneos;
				SWIFT_COMPILATION_MODE = wholemodule;
				VALIDATE_PRODUCT = YES;
			};
			name = Release;
		};
		CEB82B692ED3689B00B7E893 /* Debug */ = {
			isa = XCBuildConfiguration;
			buildSettings = {
				ASSETCATALOG_COMPILER_APPICON_NAME = AppIcon;
				ASSETCATALOG_COMPILER_GLOBAL_ACCENT_COLOR_NAME = AccentColor;
				CODE_SIGN_STYLE = Automatic;
				CURRENT_PROJECT_VERSION = 19;
				DEVELOPMENT_ASSET_PATHS = "\"NaszeRadioUK/Preview Content\"";
				DEVELOPMENT_TEAM = FFM29MBWZA;
				ENABLE_PREVIEWS = YES;
				GENERATE_INFOPLIST_FILE = YES;
				INFOPLIST_FILE = NaszeRadioUK/Info.plist;
				INFOPLIST_KEY_UIApplicationSceneManifest_Generation = YES;
				INFOPLIST_KEY_UIApplicationSupportsIndirectInputEvents = YES;
				INFOPLIST_KEY_UILaunchScreen_Generation = YES;
				INFOPLIST_KEY_UISupportedInterfaceOrientations_iPad = "UIInterfaceOrientationPortrait UIInterfaceOrientationPortraitUpsideDown UIInterfaceOrientationLandscapeLeft UIInterfaceOrientationLandscapeRight";
				INFOPLIST_KEY_UISupportedInterfaceOrientations_iPhone = "UIInterfaceOrientationPortrait UIInterfaceOrientationLandscapeLeft UIInterfaceOrientationLandscapeRight";
				LD_RUNPATH_SEARCH_PATHS = (
					"$(inherited)",
					"@executable_path/Frameworks",
				);
				MARKETING_VERSION = 1.0;
				PRODUCT_BUNDLE_IDENTIFIER = com.danielzugaj.NaszeRadioUK;
				PRODUCT_NAME = "$(TARGET_NAME)";
				SWIFT_EMIT_LOC_STRINGS = YES;
				SWIFT_VERSION = 5.0;
				TARGETED_DEVICE_FAMILY = "1,2";
			};
			name = Debug;
		};
		CEB82B6A2ED3689B00B7E893 /* Release */ = {
			isa = XCBuildConfiguration;
			buildSettings = {
				ASSETCATALOG_COMPILER_APPICON_NAME = AppIcon;
				ASSETCATALOG_COMPILER_GLOBAL_ACCENT_COLOR_NAME = AccentColor;
				CODE_SIGN_STYLE = Automatic;
				CURRENT_PROJECT_VERSION = 19;
				DEVELOPMENT_ASSET_PATHS = "\"NaszeRadioUK/Preview Content\"";
				DEVELOPMENT_TEAM = FFM29MBWZA;
				ENABLE_PREVIEWS = YES;
				GENERATE_INFOPLIST_FILE = YES;
				INFOPLIST_FILE = NaszeRadioUK/Info.plist;
				INFOPLIST_KEY_UIApplicationSceneManifest_Generation = YES;
				INFOPLIST_KEY_UIApplicationSupportsIndirectInputEvents = YES;
				INFOPLIST_KEY_UILaunchScreen_Generation = YES;
				INFOPLIST_KEY_UISupportedInterfaceOrientations_iPad = "UIInterfaceOrientationPortrait UIInterfaceOrientationPortraitUpsideDown UIInterfaceOrientationLandscapeLeft UIInterfaceOrientationLandscapeRight";
				INFOPLIST_KEY_UISupportedInterfaceOrientations_iPhone = "UIInterfaceOrientationPortrait UIInterfaceOrientationLandscapeLeft UIInterfaceOrientationLandscapeRight";
				LD_RUNPATH_SEARCH_PATHS = (
					"$(inherited)",
					"@executable_path/Frameworks",
				);
				MARKETING_VERSION = 1.0;
				PRODUCT_BUNDLE_IDENTIFIER = com.danielzugaj.NaszeRadioUK;
				PRODUCT_NAME = "$(TARGET_NAME)";
				SWIFT_EMIT_LOC_STRINGS = YES;
				SWIFT_VERSION = 5.0;
				TARGETED_DEVICE_FAMILY = "1,2";
			};
			name = Release;
		};
		CEB82B6C2ED3689B00B7E893 /* Debug */ = {
			isa = XCBuildConfiguration;
			buildSettings = {
				ALWAYS_EMBED_SWIFT_STANDARD_LIBRARIES = YES;
				BUNDLE_LOADER = "$(TEST_HOST)";
				CODE_SIGN_STYLE = Automatic;
				CURRENT_PROJECT_VERSION = 1;
				DEVELOPMENT_TEAM = FFM29MBWZA;
				GENERATE_INFOPLIST_FILE = YES;
				IPHONEOS_DEPLOYMENT_TARGET = 17.0;
				MARKETING_VERSION = 1.0;
				PRODUCT_BUNDLE_IDENTIFIER = com.daniel.NaszeRadioUK.NaszeRadioUKTests;
				PRODUCT_NAME = "$(TARGET_NAME)";
				SWIFT_EMIT_LOC_STRINGS = NO;
				SWIFT_VERSION = 5.0;
				TARGETED_DEVICE_FAMILY = "1,2";
				TEST_HOST = "$(BUILT_PRODUCTS_DIR)/NaszeRadioUK.app/$(BUNDLE_EXECUTABLE_FOLDER_PATH)/NaszeRadioUK";
			};
			name = Debug;
		};
		CEB82B6D2ED3689B00B7E893 /* Release */ = {
			isa = XCBuildConfiguration;
			buildSettings = {
				ALWAYS_EMBED_SWIFT_STANDARD_LIBRARIES = YES;
				BUNDLE_LOADER = "$(TEST_HOST)";
				CODE_SIGN_STYLE = Automatic;
				CURRENT_PROJECT_VERSION = 1;
				DEVELOPMENT_TEAM = FFM29MBWZA;
				GENERATE_INFOPLIST_FILE = YES;
				IPHONEOS_DEPLOYMENT_TARGET = 17.0;
				MARKETING_VERSION = 1.0;
				PRODUCT_BUNDLE_IDENTIFIER = com.daniel.NaszeRadioUK.NaszeRadioUKTests;
				PRODUCT_NAME = "$(TARGET_NAME)";
				SWIFT_EMIT_LOC_STRINGS = NO;
				SWIFT_VERSION = 5.0;
				TARGETED_DEVICE_FAMILY = "1,2";
				TEST_HOST = "$(BUILT_PRODUCTS_DIR)/NaszeRadioUK.app/$(BUNDLE_EXECUTABLE_FOLDER_PATH)/NaszeRadioUK";
			};
			name = Release;
		};
		CEB82B6F2ED3689B00B7E893 /* Debug */ = {
			isa = XCBuildConfiguration;
			buildSettings = {
				ALWAYS_EMBED_SWIFT_STANDARD_LIBRARIES = YES;
				CODE_SIGN_STYLE = Automatic;
				CURRENT_PROJECT_VERSION = 1;
				DEVELOPMENT_TEAM = FFM29MBWZA;
				GENERATE_INFOPLIST_FILE = YES;
				MARKETING_VERSION = 1.0;
				PRODUCT_BUNDLE_IDENTIFIER = com.daniel.NaszeRadioUK.NaszeRadioUKUITests;
				PRODUCT_NAME = "$(TARGET_NAME)";
				SWIFT_EMIT_LOC_STRINGS = NO;
				SWIFT_VERSION = 5.0;
				TARGETED_DEVICE_FAMILY = "1,2";
				TEST_TARGET_NAME = NaszeRadioUK;
			};
			name = Debug;
		};
		CEB82B702ED3689B00B7E893 /* Release */ = {
			isa = XCBuildConfiguration;
			buildSettings = {
				ALWAYS_EMBED_SWIFT_STANDARD_LIBRARIES = YES;
				CODE_SIGN_STYLE = Automatic;
				CURRENT_PROJECT_VERSION = 1;
				DEVELOPMENT_TEAM = FFM29MBWZA;
				GENERATE_INFOPLIST_FILE = YES;
				MARKETING_VERSION = 1.0;
				PRODUCT_BUNDLE_IDENTIFIER = com.daniel.NaszeRadioUK.NaszeRadioUKUITests;
				PRODUCT_NAME = "$(TARGET_NAME)";
				SWIFT_EMIT_LOC_STRINGS = NO;
				SWIFT_VERSION = 5.0;
				TARGETED_DEVICE_FAMILY = "1,2";
				TEST_TARGET_NAME = NaszeRadioUK;
			};
			name = Release;
		};
/* End XCBuildConfiguration section */

/* Begin XCConfigurationList section */
		CEB82B3F2ED3689800B7E893 /* Build configuration list for PBXProject "NaszeRadioUK" */ = {
			isa = XCConfigurationList;
			buildConfigurations = (
				CEB82B662ED3689B00B7E893 /* Debug */,
				CEB82B672ED3689B00B7E893 /* Release */,
			);
			defaultConfigurationIsVisible = 0;
			defaultConfigurationName = Release;
		};
		CEB82B682ED3689B00B7E893 /* Build configuration list for PBXNativeTarget "NaszeRadioUK" */ = {
			isa = XCConfigurationList;
			buildConfigurations = (
				CEB82B692ED3689B00B7E893 /* Debug */,
				CEB82B6A2ED3689B00B7E893 /* Release */,
			);
			defaultConfigurationIsVisible = 0;
			defaultConfigurationName = Release;
		};
		CEB82B6B2ED3689B00B7E893 /* Build configuration list for PBXNativeTarget "NaszeRadioUKTests" */ = {
			isa = XCConfigurationList;
			buildConfigurations = (
				CEB82B6C2ED3689B00B7E893 /* Debug */,
				CEB82B6D2ED3689B00B7E893 /* Release */,
			);
			defaultConfigurationIsVisible = 0;
			defaultConfigurationName = Release;
		};
		CEB82B6E2ED3689B00B7E893 /* Build configuration list for PBXNativeTarget "NaszeRadioUKUITests" */ = {
			isa = XCConfigurationList;
			buildConfigurations = (
				CEB82B6F2ED3689B00B7E893 /* Debug */,
				CEB82B702ED3689B00B7E893 /* Release */,
			);
			defaultConfigurationIsVisible = 0;
			defaultConfigurationName = Release;
		};
/* End XCConfigurationList section */
	};
	rootObject = CEB82B3C2ED3689800B7E893 /* Project object */;
}
